// !$*UTF8*$!
{
	archiveVersion = 1;
	classes = {
	};
	objectVersion = 50;
	objects = {

/* Begin PBXBuildFile section */
		0BA389C5BA3AF37C3DCFDBFB /* Pods_demo10.framework in Frameworks */ = {isa = PBXBuildFile; fileRef = 0675295BD6A2F1C157B26C6A /* Pods_demo10.framework */; };
		1BF6765921BF774E001802B8 /* AppDelegate.swift in Sources */ = {isa = PBXBuildFile; fileRef = 1BF6765821BF774E001802B8 /* AppDelegate.swift */; };
		1BF6765B21BF774E001802B8 /* ViewController.swift in Sources */ = {isa = PBXBuildFile; fileRef = 1BF6765A21BF774E001802B8 /* ViewController.swift */; };
		1BF6765E21BF774E001802B8 /* Main.storyboard in Resources */ = {isa = PBXBuildFile; fileRef = 1BF6765C21BF774E001802B8 /* Main.storyboard */; };
		1BF6766021BF7752001802B8 /* Assets.xcassets in Resources */ = {isa = PBXBuildFile; fileRef = 1BF6765F21BF7752001802B8 /* Assets.xcassets */; };
		1BF6766321BF7752001802B8 /* LaunchScreen.storyboard in Resources */ = {isa = PBXBuildFile; fileRef = 1BF6766121BF7752001802B8 /* LaunchScreen.storyboard */; };
		1BF6766B21BF84F7001802B8 /* CollectionVC.swift in Sources */ = {isa = PBXBuildFile; fileRef = 1BF6766A21BF84F7001802B8 /* CollectionVC.swift */; };
		1BF6766D21BFC4B8001802B8 /* ScreenVC.swift in Sources */ = {isa = PBXBuildFile; fileRef = 1BF6766C21BFC4B8001802B8 /* ScreenVC.swift */; };
		1BF6766F21BFD234001802B8 /* portableVC.swift in Sources */ = {isa = PBXBuildFile; fileRef = 1BF6766E21BFD234001802B8 /* portableVC.swift */; };
		1BFC12C921C0D1BF007945CC /* SearchVC.swift in Sources */ = {isa = PBXBuildFile; fileRef = 1BFC12C821C0D1BF007945CC /* SearchVC.swift */; };
		1BFC12CB21C0D1D5007945CC /* TableVCCell.swift in Sources */ = {isa = PBXBuildFile; fileRef = 1BFC12CA21C0D1D5007945CC /* TableVCCell.swift */; };
/* End PBXBuildFile section */

/* Begin PBXFileReference section */
		0675295BD6A2F1C157B26C6A /* Pods_demo10.framework */ = {isa = PBXFileReference; explicitFileType = wrapper.framework; includeInIndex = 0; path = Pods_demo10.framework; sourceTree = BUILT_PRODUCTS_DIR; };
		1BF6765521BF774E001802B8 /* demo10.app */ = {isa = PBXFileReference; explicitFileType = wrapper.application; includeInIndex = 0; path = demo10.app; sourceTree = BUILT_PRODUCTS_DIR; };
		1BF6765821BF774E001802B8 /* AppDelegate.swift */ = {isa = PBXFileReference; lastKnownFileType = sourcecode.swift; path = AppDelegate.swift; sourceTree = "<group>"; };
		1BF6765A21BF774E001802B8 /* ViewController.swift */ = {isa = PBXFileReference; lastKnownFileType = sourcecode.swift; path = ViewController.swift; sourceTree = "<group>"; };
		1BF6765D21BF774E001802B8 /* Base */ = {isa = PBXFileReference; lastKnownFileType = file.storyboard; name = Base; path = Base.lproj/Main.storyboard; sourceTree = "<group>"; };
		1BF6765F21BF7752001802B8 /* Assets.xcassets */ = {isa = PBXFileReference; lastKnownFileType = folder.assetcatalog; path = Assets.xcassets; sourceTree = "<group>"; };
		1BF6766221BF7752001802B8 /* Base */ = {isa = PBXFileReference; lastKnownFileType = file.storyboard; name = Base; path = Base.lproj/LaunchScreen.storyboard; sourceTree = "<group>"; };
		1BF6766421BF7752001802B8 /* Info.plist */ = {isa = PBXFileReference; lastKnownFileType = text.plist.xml; path = Info.plist; sourceTree = "<group>"; };
		1BF6766A21BF84F7001802B8 /* CollectionVC.swift */ = {isa = PBXFileReference; lastKnownFileType = sourcecode.swift; path = CollectionVC.swift; sourceTree = "<group>"; };
		1BF6766C21BFC4B8001802B8 /* ScreenVC.swift */ = {isa = PBXFileReference; lastKnownFileType = sourcecode.swift; path = ScreenVC.swift; sourceTree = "<group>"; };
		1BF6766E21BFD234001802B8 /* portableVC.swift */ = {isa = PBXFileReference; lastKnownFileType = sourcecode.swift; path = portableVC.swift; sourceTree = "<group>"; };
		1BFC12C821C0D1BF007945CC /* SearchVC.swift */ = {isa = PBXFileReference; lastKnownFileType = sourcecode.swift; path = SearchVC.swift; sourceTree = "<group>"; };
		1BFC12CA21C0D1D5007945CC /* TableVCCell.swift */ = {isa = PBXFileReference; lastKnownFileType = sourcecode.swift; path = TableVCCell.swift; sourceTree = "<group>"; };
		6FD89B68AFF504623CFB8F40 /* Pods-demo10.release.xcconfig */ = {isa = PBXFileReference; includeInIndex = 1; lastKnownFileType = text.xcconfig; name = "Pods-demo10.release.xcconfig"; path = "Pods/Target Support Files/Pods-demo10/Pods-demo10.release.xcconfig"; sourceTree = "<group>"; };
		E9F5BDBC7DB258B62AE5B4CC /* Pods-demo10.debug.xcconfig */ = {isa = PBXFileReference; includeInIndex = 1; lastKnownFileType = text.xcconfig; name = "Pods-demo10.debug.xcconfig"; path = "Pods/Target Support Files/Pods-demo10/Pods-demo10.debug.xcconfig"; sourceTree = "<group>"; };
/* End PBXFileReference section */

/* Begin PBXFrameworksBuildPhase section */
		1BF6765221BF774E001802B8 /* Frameworks */ = {
			isa = PBXFrameworksBuildPhase;
			buildActionMask = 2147483647;
			files = (
				0BA389C5BA3AF37C3DCFDBFB /* Pods_demo10.framework in Frameworks */,
			);
			runOnlyForDeploymentPostprocessing = 0;
		};
/* End PBXFrameworksBuildPhase section */

/* Begin PBXGroup section */
		1B0F61FB826C6946C68DC0DC /* Frameworks */ = {
			isa = PBXGroup;
			children = (
				0675295BD6A2F1C157B26C6A /* Pods_demo10.framework */,
			);
			name = Frameworks;
			sourceTree = "<group>";
		};
		1BF6764C21BF774E001802B8 = {
			isa = PBXGroup;
			children = (
				1BF6765721BF774E001802B8 /* demo10 */,
				1BF6765621BF774E001802B8 /* Products */,
				6B09C65B0DAA2FB55667992A /* Pods */,
				1B0F61FB826C6946C68DC0DC /* Frameworks */,
			);
			sourceTree = "<group>";
		};
		1BF6765621BF774E001802B8 /* Products */ = {
			isa = PBXGroup;
			children = (
				1BF6765521BF774E001802B8 /* demo10.app */,
			);
			name = Products;
			sourceTree = "<group>";
		};
		1BF6765721BF774E001802B8 /* demo10 */ = {
			isa = PBXGroup;
			children = (
				1BF6765821BF774E001802B8 /* AppDelegate.swift */,
				1BF6765A21BF774E001802B8 /* ViewController.swift */,
				1BF6766A21BF84F7001802B8 /* CollectionVC.swift */,
				1BF6766C21BFC4B8001802B8 /* ScreenVC.swift */,
				1BF6766E21BFD234001802B8 /* portableVC.swift */,
				1BFC12C821C0D1BF007945CC /* SearchVC.swift */,
				1BFC12CA21C0D1D5007945CC /* TableVCCell.swift */,
				1BF6765C21BF774E001802B8 /* Main.storyboard */,
				1BF6765F21BF7752001802B8 /* Assets.xcassets */,
				1BF6766121BF7752001802B8 /* LaunchScreen.storyboard */,
				1BF6766421BF7752001802B8 /* Info.plist */,
			);
			path = demo10;
			sourceTree = "<group>";
		};
		6B09C65B0DAA2FB55667992A /* Pods */ = {
			isa = PBXGroup;
			children = (
				E9F5BDBC7DB258B62AE5B4CC /* Pods-demo10.debug.xcconfig */,
				6FD89B68AFF504623CFB8F40 /* Pods-demo10.release.xcconfig */,
			);
			name = Pods;
			sourceTree = "<group>";
		};
/* End PBXGroup section */

/* Begin PBXNativeTarget section */
		1BF6765421BF774E001802B8 /* demo10 */ = {
			isa = PBXNativeTarget;
			buildConfigurationList = 1BF6766721BF7752001802B8 /* Build configuration list for PBXNativeTarget "demo10" */;
			buildPhases = (
				F27A126458E0D19F09DD4CAD /* [CP] Check Pods Manifest.lock */,
				1BF6765121BF774E001802B8 /* Sources */,
				1BF6765221BF774E001802B8 /* Frameworks */,
				1BF6765321BF774E001802B8 /* Resources */,
				2DDB8A8063CC4B1A4038AD20 /* [CP] Embed Pods Frameworks */,
			);
			buildRules = (
			);
			dependencies = (
			);
			name = demo10;
			productName = demo10;
			productReference = 1BF6765521BF774E001802B8 /* demo10.app */;
			productType = "com.apple.product-type.application";
		};
/* End PBXNativeTarget section */

/* Begin PBXProject section */
		1BF6764D21BF774E001802B8 /* Project object */ = {
			isa = PBXProject;
			attributes = {
				LastSwiftUpdateCheck = 1010;
				LastUpgradeCheck = 1010;
				ORGANIZATIONNAME = "iOS Team Lead";
				TargetAttributes = {
					1BF6765421BF774E001802B8 = {
						CreatedOnToolsVersion = 10.1;
					};
				};
			};
			buildConfigurationList = 1BF6765021BF774E001802B8 /* Build configuration list for PBXProject "demo10" */;
			compatibilityVersion = "Xcode 9.3";
			developmentRegion = en;
			hasScannedForEncodings = 0;
			knownRegions = (
				en,
				Base,
			);
			mainGroup = 1BF6764C21BF774E001802B8;
			productRefGroup = 1BF6765621BF774E001802B8 /* Products */;
			projectDirPath = "";
			projectRoot = "";
			targets = (
				1BF6765421BF774E001802B8 /* demo10 */,
			);
		};
/* End PBXProject section */

/* Begin PBXResourcesBuildPhase section */
		1BF6765321BF774E001802B8 /* Resources */ = {
			isa = PBXResourcesBuildPhase;
			buildActionMask = 2147483647;
			files = (
				1BF6766321BF7752001802B8 /* LaunchScreen.storyboard in Resources */,
				1BF6766021BF7752001802B8 /* Assets.xcassets in Resources */,
				1BF6765E21BF774E001802B8 /* Main.storyboard in Resources */,
			);
			runOnlyForDeploymentPostprocessing = 0;
		};
/* End PBXResourcesBuildPhase section */

/* Begin PBXShellScriptBuildPhase section */
		2DDB8A8063CC4B1A4038AD20 /* [CP] Embed Pods Frameworks */ = {
			isa = PBXShellScriptBuildPhase;
			buildActionMask = 2147483647;
			files = (
			);
			inputFileListPaths = (
			);
			inputPaths = (
				"${SRCROOT}/Pods/Target Support Files/Pods-demo10/Pods-demo10-frameworks.sh",
				"${BUILT_PRODUCTS_DIR}/Alamofire/Alamofire.framework",
				"${BUILT_PRODUCTS_DIR}/SwiftyJSON/SwiftyJSON.framework",
			);
			name = "[CP] Embed Pods Frameworks";
			outputFileListPaths = (
			);
			outputPaths = (
				"${TARGET_BUILD_DIR}/${FRAMEWORKS_FOLDER_PATH}/Alamofire.framework",
				"${TARGET_BUILD_DIR}/${FRAMEWORKS_FOLDER_PATH}/SwiftyJSON.framework",
			);
			runOnlyForDeploymentPostprocessing = 0;
			shellPath = /bin/sh;
			shellScript = "\"${SRCROOT}/Pods/Target Support Files/Pods-demo10/Pods-demo10-frameworks.sh\"\n";
			showEnvVarsInLog = 0;
		};
		F27A126458E0D19F09DD4CAD /* [CP] Check Pods Manifest.lock */ = {
			isa = PBXShellScriptBuildPhase;
			buildActionMask = 2147483647;
			files = (
			);
			inputFileListPaths = (
			);
			inputPaths = (
				"${PODS_PODFILE_DIR_PATH}/Podfile.lock",
				"${PODS_ROOT}/Manifest.lock",
			);
			name = "[CP] Check Pods Manifest.lock";
			outputFileListPaths = (
			);
			outputPaths = (
				"$(DERIVED_FILE_DIR)/Pods-demo10-checkManifestLockResult.txt",
			);
			runOnlyForDeploymentPostprocessing = 0;
			shellPath = /bin/sh;
			shellScript = "diff \"${PODS_PODFILE_DIR_PATH}/Podfile.lock\" \"${PODS_ROOT}/Manifest.lock\" > /dev/null\nif [ $? != 0 ] ; then\n    # print error to STDERR\n    echo \"error: The sandbox is not in sync with the Podfile.lock. Run 'pod install' or update your CocoaPods installation.\" >&2\n    exit 1\nfi\n# This output is used by Xcode 'outputs' to avoid re-running this script phase.\necho \"SUCCESS\" > \"${SCRIPT_OUTPUT_FILE_0}\"\n";
			showEnvVarsInLog = 0;
		};
/* End PBXShellScriptBuildPhase section */

/* Begin PBXSourcesBuildPhase section */
		1BF6765121BF774E001802B8 /* Sources */ = {
			isa = PBXSourcesBuildPhase;
			buildActionMask = 2147483647;
			files = (
				1BFC12C921C0D1BF007945CC /* SearchVC.swift in Sources */,
				1BF6765B21BF774E001802B8 /* ViewController.swift in Sources */,
				1BF6766B21BF84F7001802B8 /* CollectionVC.swift in Sources */,
				1BF6766D21BFC4B8001802B8 /* ScreenVC.swift in Sources */,
				1BF6766F21BFD234001802B8 /* portableVC.swift in Sources */,
				1BFC12CB21C0D1D5007945CC /* TableVCCell.swift in Sources */,
				1BF6765921BF774E001802B8 /* AppDelegate.swift in Sources */,
			);
			runOnlyForDeploymentPostprocessing = 0;
		};
/* End PBXSourcesBuildPhase section */

/* Begin PBXVariantGroup section */
		1BF6765C21BF774E001802B8 /* Main.storyboard */ = {
			isa = PBXVariantGroup;
			children = (
				1BF6765D21BF774E001802B8 /* Base */,
			);
			name = Main.storyboard;
			sourceTree = "<group>";
		};
		1BF6766121BF7752001802B8 /* LaunchScreen.storyboard */ = {
			isa = PBXVariantGroup;
			children = (
				1BF6766221BF7752001802B8 /* Base */,
			);
			name = LaunchScreen.storyboard;
			sourceTree = "<group>";
		};
/* End PBXVariantGroup section */

/* Begin XCBuildConfiguration section */
		1BF6766521BF7752001802B8 /* Debug */ = {
			isa = XCBuildConfiguration;
			buildSettings = {
				ALWAYS_SEARCH_USER_PATHS = NO;
				CLANG_ANALYZER_NONNULL = YES;
				CLANG_ANALYZER_NUMBER_OBJECT_CONVERSION = YES_AGGRESSIVE;
				CLANG_CXX_LANGUAGE_STANDARD = "gnu++14";
				CLANG_CXX_LIBRARY = "libc++";
				CLANG_ENABLE_MODULES = YES;
				CLANG_ENABLE_OBJC_ARC = YES;
				CLANG_ENABLE_OBJC_WEAK = YES;
				CLANG_WARN_BLOCK_CAPTURE_AUTORELEASING = YES;
				CLANG_WARN_BOOL_CONVERSION = YES;
				CLANG_WARN_COMMA = YES;
				CLANG_WARN_CONSTANT_CONVERSION = YES;
				CLANG_WARN_DEPRECATED_OBJC_IMPLEMENTATIONS = YES;
				CLANG_WARN_DIRECT_OBJC_ISA_USAGE = YES_ERROR;
				CLANG_WARN_DOCUMENTATION_COMMENTS = YES;
				CLANG_WARN_EMPTY_BODY = YES;
				CLANG_WARN_ENUM_CONVERSION = YES;
				CLANG_WARN_INFINITE_RECURSION = YES;
				CLANG_WARN_INT_CONVERSION = YES;
				CLANG_WARN_NON_LITERAL_NULL_CONVERSION = YES;
				CLANG_WARN_OBJC_IMPLICIT_RETAIN_SELF = YES;
				CLANG_WARN_OBJC_LITERAL_CONVERSION = YES;
				CLANG_WARN_OBJC_ROOT_CLASS = YES_ERROR;
				CLANG_WARN_RANGE_LOOP_ANALYSIS = YES;
				CLANG_WARN_STRICT_PROTOTYPES = YES;
				CLANG_WARN_SUSPICIOUS_MOVE = YES;
				CLANG_WARN_UNGUARDED_AVAILABILITY = YES_AGGRESSIVE;
				CLANG_WARN_UNREACHABLE_CODE = YES;
				CLANG_WARN__DUPLICATE_METHOD_MATCH = YES;
				CODE_SIGN_IDENTITY = "iPhone Developer";
				COPY_PHASE_STRIP = NO;
				DEBUG_INFORMATION_FORMAT = dwarf;
				ENABLE_STRICT_OBJC_MSGSEND = YES;
				ENABLE_TESTABILITY = YES;
				GCC_C_LANGUAGE_STANDARD = gnu11;
				GCC_DYNAMIC_NO_PIC = NO;
				GCC_NO_COMMON_BLOCKS = YES;
				GCC_OPTIMIZATION_LEVEL = 0;
				GCC_PREPROCESSOR_DEFINITIONS = (
					"DEBUG=1",
					"$(inherited)",
				);
				GCC_WARN_64_TO_32_BIT_CONVERSION = YES;
				GCC_WARN_ABOUT_RETURN_TYPE = YES_ERROR;
				GCC_WARN_UNDECLARED_SELECTOR = YES;
				GCC_WARN_UNINITIALIZED_AUTOS = YES_AGGRESSIVE;
				GCC_WARN_UNUSED_FUNCTION = YES;
				GCC_WARN_UNUSED_VARIABLE = YES;
				IPHONEOS_DEPLOYMENT_TARGET = 12.1;
				MTL_ENABLE_DEBUG_INFO = INCLUDE_SOURCE;
				MTL_FAST_MATH = YES;
				ONLY_ACTIVE_ARCH = YES;
				SDKROOT = iphoneos;
				SWIFT_ACTIVE_COMPILATION_CONDITIONS = DEBUG;
				SWIFT_OPTIMIZATION_LEVEL = "-Onone";
			};
			name = Debug;
		};
		1BF6766621BF7752001802B8 /* Release */ = {
			isa = XCBuildConfiguration;
			buildSettings = {
				ALWAYS_SEARCH_USER_PATHS = NO;
				CLANG_ANALYZER_NONNULL = YES;
				CLANG_ANALYZER_NUMBER_OBJECT_CONVERSION = YES_AGGRESSIVE;
				CLANG_CXX_LANGUAGE_STANDARD = "gnu++14";
				CLANG_CXX_LIBRARY = "libc++";
				CLANG_ENABLE_MODULES = YES;
				CLANG_ENABLE_OBJC_ARC = YES;
				CLANG_ENABLE_OBJC_WEAK = YES;
				CLANG_WARN_BLOCK_CAPTURE_AUTORELEASING = YES;
				CLANG_WARN_BOOL_CONVERSION = YES;
				CLANG_WARN_COMMA = YES;
				CLANG_WARN_CONSTANT_CONVERSION = YES;
				CLANG_WARN_DEPRECATED_OBJC_IMPLEMENTATIONS = YES;
				CLANG_WARN_DIRECT_OBJC_ISA_USAGE = YES_ERROR;
				CLANG_WARN_DOCUMENTATION_COMMENTS = YES;
				CLANG_WARN_EMPTY_BODY = YES;
				CLANG_WARN_ENUM_CONVERSION = YES;
				CLANG_WARN_INFINITE_RECURSION = YES;
				CLANG_WARN_INT_CONVERSION = YES;
				CLANG_WARN_NON_LITERAL_NULL_CONVERSION = YES;
				CLANG_WARN_OBJC_IMPLICIT_RETAIN_SELF = YES;
				CLANG_WARN_OBJC_LITERAL_CONVERSION = YES;
				CLANG_WARN_OBJC_ROOT_CLASS = YES_ERROR;
				CLANG_WARN_RANGE_LOOP_ANALYSIS = YES;
				CLANG_WARN_STRICT_PROTOTYPES = YES;
				CLANG_WARN_SUSPICIOUS_MOVE = YES;
				CLANG_WARN_UNGUARDED_AVAILABILITY = YES_AGGRESSIVE;
				CLANG_WARN_UNREACHABLE_CODE = YES;
				CLANG_WARN__DUPLICATE_METHOD_MATCH = YES;
				CODE_SIGN_IDENTITY = "iPhone Developer";
				COPY_PHASE_STRIP = NO;
				DEBUG_INFORMATION_FORMAT = "dwarf-with-dsym";
				ENABLE_NS_ASSERTIONS = NO;
				ENABLE_STRICT_OBJC_MSGSEND = YES;
				GCC_C_LANGUAGE_STANDARD = gnu11;
				GCC_NO_COMMON_BLOCKS = YES;
				GCC_WARN_64_TO_32_BIT_CONVERSION = YES;
				GCC_WARN_ABOUT_RETURN_TYPE = YES_ERROR;
				GCC_WARN_UNDECLARED_SELECTOR = YES;
				GCC_WARN_UNINITIALIZED_AUTOS = YES_AGGRESSIVE;
				GCC_WARN_UNUSED_FUNCTION = YES;
				GCC_WARN_UNUSED_VARIABLE = YES;
				IPHONEOS_DEPLOYMENT_TARGET = 12.1;
				MTL_ENABLE_DEBUG_INFO = NO;
				MTL_FAST_MATH = YES;
				SDKROOT = iphoneos;
				SWIFT_COMPILATION_MODE = wholemodule;
				SWIFT_OPTIMIZATION_LEVEL = "-O";
				VALIDATE_PRODUCT = YES;
			};
			name = Release;
		};
		1BF6766821BF7752001802B8 /* Debug */ = {
			isa = XCBuildConfiguration;
			baseConfigurationReference = E9F5BDBC7DB258B62AE5B4CC /* Pods-demo10.debug.xcconfig */;
			buildSettings = {
				ASSETCATALOG_COMPILER_APPICON_NAME = AppIcon;
				CODE_SIGN_STYLE = Automatic;
				DEVELOPMENT_TEAM = 9AQBBCK66L;
				INFOPLIST_FILE = demo10/Info.plist;
				LD_RUNPATH_SEARCH_PATHS = (
					"$(inherited)",
					"@executable_path/Frameworks",
				);
				PRODUCT_BUNDLE_IDENTIFIER = com.demo10;
				PRODUCT_NAME = "$(TARGET_NAME)";
				SWIFT_VERSION = 4.2;
				TARGETED_DEVICE_FAMILY = "1,2";
			};
			name = Debug;
		};
		1BF6766921BF7752001802B8 /* Release */ = {
			isa = XCBuildConfiguration;
			baseConfigurationReference = 6FD89B68AFF504623CFB8F40 /* Pods-demo10.release.xcconfig */;
			buildSettings = {
				ASSETCATALOG_COMPILER_APPICON_NAME = AppIcon;
				CODE_SIGN_STYLE = Automatic;
				DEVELOPMENT_TEAM = 9AQBBCK66L;
				INFOPLIST_FILE = demo10/Info.plist;
				LD_RUNPATH_SEARCH_PATHS = (
					"$(inherited)",
					"@executable_path/Frameworks",
				);
				PRODUCT_BUNDLE_IDENTIFIER = com.demo10;
				PRODUCT_NAME = "$(TARGET_NAME)";
				SWIFT_VERSION = 4.2;
				TARGETED_DEVICE_FAMILY = "1,2";
			};
			name = Release;
		};
/* End XCBuildConfiguration section */

/* Begin XCConfigurationList section */
		1BF6765021BF774E001802B8 /* Build configuration list for PBXProject "demo10" */ = {
			isa = XCConfigurationList;
			buildConfigurations = (
				1BF6766521BF7752001802B8 /* Debug */,
				1BF6766621BF7752001802B8 /* Release */,
			);
			defaultConfigurationIsVisible = 0;
			defaultConfigurationName = Release;
		};
		1BF6766721BF7752001802B8 /* Build configuration list for PBXNativeTarget "demo10" */ = {
			isa = XCConfigurationList;
			buildConfigurations = (
				1BF6766821BF7752001802B8 /* Debug */,
				1BF6766921BF7752001802B8 /* Release */,
			);
			defaultConfigurationIsVisible = 0;
			defaultConfigurationName = Release;
		};
/* End XCConfigurationList section */
	};
	rootObject = 1BF6764D21BF774E001802B8 /* Project object */;
}
